
Microsoft Visual Studio Solution File, Format Version 12.00
# Visual Studio Version 17
VisualStudioVersion = 17.6.33829.357
MinimumVisualStudioVersion = 10.0.40219.1
Project("{FAE04EC0-301F-11D3-BF4B-00C04F79EFBC}") = "NARToolLib", "NARToolLib\NARToolLib.csproj", "{ECB81F73-0FA2-4658-A43F-8C6D11111F47}"
EndProject
Project("{FAE04EC0-301F-11D3-BF4B-00C04F79EFBC}") = "Extractor", "NARExtractor\Extractor.csproj", "{AB35F936-392B-48EA-9CC1-575195AEA752}"
EndProject
Project("{FAE04EC0-301F-11D3-BF4B-00C04F79EFBC}") = "ModelDecryptor", "ModelDecryptor\ModelDecryptor.csproj", "{EE5F914A-56EE-4DDA-A38E-E5A875468FC9}"
EndProject
Project("{FAE04EC0-301F-11D3-BF4B-00C04F79EFBC}") = "CompressionTest", "CompressionTest\CompressionTest.csproj", "{ED30A584-DD0A-470D-9679-ABCA8A0F5472}"
EndProject
Project("{9A19103F-16F7-4668-BE54-9A1E7A4F7556}") = "NARToolExtensionLib", "NARToolExtensionLib\NARToolExtensionLib.csproj", "{BC5C07E9-682E-4B0A-8DD4-E050C0C6DEB0}"
EndProject
Project("{9A19103F-16F7-4668-BE54-9A1E7A4F7556}") = "Packager", "NARPackager\Packager.csproj", "{6AC2E2BC-0A84-416A-8284-B35404C0EEA8}"
EndProject
Project("{9A19103F-16F7-4668-BE54-9A1E7A4F7556}") = "ModelEncryptor", "ModelEncryptor\ModelEncryptor.csproj", "{CA9F4815-1365-4D41-8AA7-F1C61D45E718}"
EndProject
Global
	GlobalSection(SolutionConfigurationPlatforms) = preSolution
		Debug|Any CPU = Debug|Any CPU
		Release|Any CPU = Release|Any CPU
	EndGlobalSection
	GlobalSection(ProjectConfigurationPlatforms) = postSolution
		{ECB81F73-0FA2-4658-A43F-8C6D11111F47}.Debug|Any CPU.ActiveCfg = Debug|Any CPU
		{ECB81F73-0FA2-4658-A43F-8C6D11111F47}.Debug|Any CPU.Build.0 = Debug|Any CPU
		{ECB81F73-0FA2-4658-A43F-8C6D11111F47}.Release|Any CPU.ActiveCfg = Release|Any CPU
		{ECB81F73-0FA2-4658-A43F-8C6D11111F47}.Release|Any CPU.Build.0 = Release|Any CPU
		{AB35F936-392B-48EA-9CC1-575195AEA752}.Debug|Any CPU.ActiveCfg = Debug|Any CPU
		{AB35F936-392B-48EA-9CC1-575195AEA752}.Debug|Any CPU.Build.0 = Debug|Any CPU
		{AB35F936-392B-48EA-9CC1-575195AEA752}.Release|Any CPU.ActiveCfg = Release|Any CPU
		{AB35F936-392B-48EA-9CC1-575195AEA752}.Release|Any CPU.Build.0 = Release|Any CPU
		{EE5F914A-56EE-4DDA-A38E-E5A875468FC9}.Debug|Any CPU.ActiveCfg = Debug|Any CPU
		{EE5F914A-56EE-4DDA-A38E-E5A875468FC9}.Debug|Any CPU.Build.0 = Debug|Any CPU
		{EE5F914A-56EE-4DDA-A38E-E5A875468FC9}.Release|Any CPU.ActiveCfg = Release|Any CPU
		{EE5F914A-56EE-4DDA-A38E-E5A875468FC9}.Release|Any CPU.Build.0 = Release|Any CPU
		{ED30A584-DD0A-470D-9679-ABCA8A0F5472}.Debug|Any CPU.ActiveCfg = Debug|Any CPU
		{ED30A584-DD0A-470D-9679-ABCA8A0F5472}.Debug|Any CPU.Build.0 = Debug|Any CPU
		{ED30A584-DD0A-470D-9679-ABCA8A0F5472}.Release|Any CPU.ActiveCfg = Release|Any CPU
		{ED30A584-DD0A-470D-9679-ABCA8A0F5472}.Release|Any CPU.Build.0 = Release|Any CPU
		{BC5C07E9-682E-4B0A-8DD4-E050C0C6DEB0}.Debug|Any CPU.ActiveCfg = Debug|Any CPU
		{BC5C07E9-682E-4B0A-8DD4-E050C0C6DEB0}.Debug|Any CPU.Build.0 = Debug|Any CPU
		{BC5C07E9-682E-4B0A-8DD4-E050C0C6DEB0}.Release|Any CPU.ActiveCfg = Release|Any CPU
		{BC5C07E9-682E-4B0A-8DD4-E050C0C6DEB0}.Release|Any CPU.Build.0 = Release|Any CPU
		{6AC2E2BC-0A84-416A-8284-B35404C0EEA8}.Debug|Any CPU.ActiveCfg = Debug|Any CPU
		{6AC2E2BC-0A84-416A-8284-B35404C0EEA8}.Debug|Any CPU.Build.0 = Debug|Any CPU
		{6AC2E2BC-0A84-416A-8284-B35404C0EEA8}.Release|Any CPU.ActiveCfg = Release|Any CPU
		{6AC2E2BC-0A84-416A-8284-B35404C0EEA8}.Release|Any CPU.Build.0 = Release|Any CPU
		{CA9F4815-1365-4D41-8AA7-F1C61D45E718}.Debug|Any CPU.ActiveCfg = Debug|Any CPU
		{CA9F4815-1365-4D41-8AA7-F1C61D45E718}.Debug|Any CPU.Build.0 = Debug|Any CPU
		{CA9F4815-1365-4D41-8AA7-F1C61D45E718}.Release|Any CPU.ActiveCfg = Release|Any CPU
		{CA9F4815-1365-4D41-8AA7-F1C61D45E718}.Release|Any CPU.Build.0 = Release|Any CPU
	EndGlobalSection
	GlobalSection(SolutionProperties) = preSolution
		HideSolutionNode = FALSE
	EndGlobalSection
	GlobalSection(ExtensibilityGlobals) = postSolution
		SolutionGuid = {25625316-41F1-4CDA-8720-B6C0FA4D2AF8}
	EndGlobalSection
EndGlobal
